
Microsoft Visual Studio Solution File, Format Version 12.00
# Visual Studio Version 16
VisualStudioVersion = 16.0.30804.86
MinimumVisualStudioVersion = 15.0.26124.0
Project("{2150E333-8FDC-42A3-9474-1A3956D46DE8}") = "src", "src", "{D9B37546-B0EC-413A-8BCA-D3FD4DE9357F}"
EndProject
Project("{2150E333-8FDC-42A3-9474-1A3956D46DE8}") = "build", "build", "{C8C136E7-BED0-4CC3-A9C0-89FFA56DAD9A}"
EndProject
Project("{9A19103F-16F7-4668-BE54-9A1E7A4F7556}") = "_build", "build\_build.csproj", "{1322D11A-C86C-4665-A328-6F6DA3D19372}"
EndProject
Project("{2150E333-8FDC-42A3-9474-1A3956D46DE8}") = "docs", "docs", "{1DFF58A7-01AA-4CDE-9F22-F540E5B27D2D}"
	ProjectSection(SolutionItems) = preProject
		license = license
		README.md = README.md
	EndProjectSection
EndProject
Project("{9A19103F-16F7-4668-BE54-9A1E7A4F7556}") = "AspNetCore.API", "src\AspNetCore.API\AspNetCore.API.csproj", "{E741FA5C-D344-4494-8235-0024C2607ACC}"
EndProject
Project("{9A19103F-16F7-4668-BE54-9A1E7A4F7556}") = "AspNetCore.API.Core", "src\AspNetCore.API.Core\AspNetCore.API.Core.csproj", "{4018F395-D916-49FD-AA27-EA87A778BF80}"
EndProject
Project("{9A19103F-16F7-4668-BE54-9A1E7A4F7556}") = "AspNetCore.API.Infrastructure", "src\AspNetCore.API.Infrastructure\AspNetCore.API.Infrastructure.csproj", "{A186C155-78BD-4E7F-A51A-B636FB2CAF8C}"
EndProject
Project("{9A19103F-16F7-4668-BE54-9A1E7A4F7556}") = "AspNetCore.API.RestClient", "src\AspNetCore.API.RestClient\AspNetCore.API.RestClient.csproj", "{C18CB03C-9DEA-4AAF-9230-91E952C9EE22}"
EndProject
Global
	GlobalSection(SolutionConfigurationPlatforms) = preSolution
		Debug|Any CPU = Debug|Any CPU
		Debug|x64 = Debug|x64
		Debug|x86 = Debug|x86
		Release|Any CPU = Release|Any CPU
		Release|x64 = Release|x64
		Release|x86 = Release|x86
	EndGlobalSection
	GlobalSection(ProjectConfigurationPlatforms) = postSolution
		{1322D11A-C86C-4665-A328-6F6DA3D19372}.Debug|Any CPU.ActiveCfg = Debug|Any CPU
		{1322D11A-C86C-4665-A328-6F6DA3D19372}.Debug|Any CPU.Build.0 = Debug|Any CPU
		{1322D11A-C86C-4665-A328-6F6DA3D19372}.Debug|x64.ActiveCfg = Debug|Any CPU
		{1322D11A-C86C-4665-A328-6F6DA3D19372}.Debug|x64.Build.0 = Debug|Any CPU
		{1322D11A-C86C-4665-A328-6F6DA3D19372}.Debug|x86.ActiveCfg = Debug|Any CPU
		{1322D11A-C86C-4665-A328-6F6DA3D19372}.Debug|x86.Build.0 = Debug|Any CPU
		{1322D11A-C86C-4665-A328-6F6DA3D19372}.Release|Any CPU.ActiveCfg = Release|Any CPU
		{1322D11A-C86C-4665-A328-6F6DA3D19372}.Release|Any CPU.Build.0 = Release|Any CPU
		{1322D11A-C86C-4665-A328-6F6DA3D19372}.Release|x64.ActiveCfg = Release|Any CPU
		{1322D11A-C86C-4665-A328-6F6DA3D19372}.Release|x64.Build.0 = Release|Any CPU
		{1322D11A-C86C-4665-A328-6F6DA3D19372}.Release|x86.ActiveCfg = Release|Any CPU
		{1322D11A-C86C-4665-A328-6F6DA3D19372}.Release|x86.Build.0 = Release|Any CPU
		{E741FA5C-D344-4494-8235-0024C2607ACC}.Debug|Any CPU.ActiveCfg = Debug|Any CPU
		{E741FA5C-D344-4494-8235-0024C2607ACC}.Debug|Any CPU.Build.0 = Debug|Any CPU
		{E741FA5C-D344-4494-8235-0024C2607ACC}.Debug|x64.ActiveCfg = Debug|Any CPU
		{E741FA5C-D344-4494-8235-0024C2607ACC}.Debug|x64.Build.0 = Debug|Any CPU
		{E741FA5C-D344-4494-8235-0024C2607ACC}.Debug|x86.ActiveCfg = Debug|Any CPU
		{E741FA5C-D344-4494-8235-0024C2607ACC}.Debug|x86.Build.0 = Debug|Any CPU
		{E741FA5C-D344-4494-8235-0024C2607ACC}.Release|Any CPU.ActiveCfg = Release|Any CPU
		{E741FA5C-D344-4494-8235-0024C2607ACC}.Release|Any CPU.Build.0 = Release|Any CPU
		{E741FA5C-D344-4494-8235-0024C2607ACC}.Release|x64.ActiveCfg = Release|Any CPU
		{E741FA5C-D344-4494-8235-0024C2607ACC}.Release|x64.Build.0 = Release|Any CPU
		{E741FA5C-D344-4494-8235-0024C2607ACC}.Release|x86.ActiveCfg = Release|Any CPU
		{E741FA5C-D344-4494-8235-0024C2607ACC}.Release|x86.Build.0 = Release|Any CPU
		{4018F395-D916-49FD-AA27-EA87A778BF80}.Debug|Any CPU.ActiveCfg = Debug|Any CPU
		{4018F395-D916-49FD-AA27-EA87A778BF80}.Debug|Any CPU.Build.0 = Debug|Any CPU
		{4018F395-D916-49FD-AA27-EA87A778BF80}.Debug|x64.ActiveCfg = Debug|Any CPU
		{4018F395-D916-49FD-AA27-EA87A778BF80}.Debug|x64.Build.0 = Debug|Any CPU
		{4018F395-D916-49FD-AA27-EA87A778BF80}.Debug|x86.ActiveCfg = Debug|Any CPU
		{4018F395-D916-49FD-AA27-EA87A778BF80}.Debug|x86.Build.0 = Debug|Any CPU
		{4018F395-D916-49FD-AA27-EA87A778BF80}.Release|Any CPU.ActiveCfg = Release|Any CPU
		{4018F395-D916-49FD-AA27-EA87A778BF80}.Release|Any CPU.Build.0 = Release|Any CPU
		{4018F395-D916-49FD-AA27-EA87A778BF80}.Release|x64.ActiveCfg = Release|Any CPU
		{4018F395-D916-49FD-AA27-EA87A778BF80}.Release|x64.Build.0 = Release|Any CPU
		{4018F395-D916-49FD-AA27-EA87A778BF80}.Release|x86.ActiveCfg = Release|Any CPU
		{4018F395-D916-49FD-AA27-EA87A778BF80}.Release|x86.Build.0 = Release|Any CPU
		{A186C155-78BD-4E7F-A51A-B636FB2CAF8C}.Debug|Any CPU.ActiveCfg = Debug|Any CPU
		{A186C155-78BD-4E7F-A51A-B636FB2CAF8C}.Debug|Any CPU.Build.0 = Debug|Any CPU
		{A186C155-78BD-4E7F-A51A-B636FB2CAF8C}.Debug|x64.ActiveCfg = Debug|Any CPU
		{A186C155-78BD-4E7F-A51A-B636FB2CAF8C}.Debug|x64.Build.0 = Debug|Any CPU
		{A186C155-78BD-4E7F-A51A-B636FB2CAF8C}.Debug|x86.ActiveCfg = Debug|Any CPU
		{A186C155-78BD-4E7F-A51A-B636FB2CAF8C}.Debug|x86.Build.0 = Debug|Any CPU
		{A186C155-78BD-4E7F-A51A-B636FB2CAF8C}.Release|Any CPU.ActiveCfg = Release|Any CPU
		{A186C155-78BD-4E7F-A51A-B636FB2CAF8C}.Release|Any CPU.Build.0 = Release|Any CPU
		{A186C155-78BD-4E7F-A51A-B636FB2CAF8C}.Release|x64.ActiveCfg = Release|Any CPU
		{A186C155-78BD-4E7F-A51A-B636FB2CAF8C}.Release|x64.Build.0 = Release|Any CPU
		{A186C155-78BD-4E7F-A51A-B636FB2CAF8C}.Release|x86.ActiveCfg = Release|Any CPU
		{A186C155-78BD-4E7F-A51A-B636FB2CAF8C}.Release|x86.Build.0 = Release|Any CPU
		{C18CB03C-9DEA-4AAF-9230-91E952C9EE22}.Debug|Any CPU.ActiveCfg = Debug|Any CPU
		{C18CB03C-9DEA-4AAF-9230-91E952C9EE22}.Debug|Any CPU.Build.0 = Debug|Any CPU
		{C18CB03C-9DEA-4AAF-9230-91E952C9EE22}.Debug|x64.ActiveCfg = Debug|Any CPU
		{C18CB03C-9DEA-4AAF-9230-91E952C9EE22}.Debug|x64.Build.0 = Debug|Any CPU
		{C18CB03C-9DEA-4AAF-9230-91E952C9EE22}.Debug|x86.ActiveCfg = Debug|Any CPU
		{C18CB03C-9DEA-4AAF-9230-91E952C9EE22}.Debug|x86.Build.0 = Debug|Any CPU
		{C18CB03C-9DEA-4AAF-9230-91E952C9EE22}.Release|Any CPU.ActiveCfg = Release|Any CPU
		{C18CB03C-9DEA-4AAF-9230-91E952C9EE22}.Release|Any CPU.Build.0 = Release|Any CPU
		{C18CB03C-9DEA-4AAF-9230-91E952C9EE22}.Release|x64.ActiveCfg = Release|Any CPU
		{C18CB03C-9DEA-4AAF-9230-91E952C9EE22}.Release|x64.Build.0 = Release|Any CPU
		{C18CB03C-9DEA-4AAF-9230-91E952C9EE22}.Release|x86.ActiveCfg = Release|Any CPU
		{C18CB03C-9DEA-4AAF-9230-91E952C9EE22}.Release|x86.Build.0 = Release|Any CPU
	EndGlobalSection
	GlobalSection(SolutionProperties) = preSolution
		HideSolutionNode = FALSE
	EndGlobalSection
	GlobalSection(NestedProjects) = preSolution
		{1322D11A-C86C-4665-A328-6F6DA3D19372} = {C8C136E7-BED0-4CC3-A9C0-89FFA56DAD9A}
		{E741FA5C-D344-4494-8235-0024C2607ACC} = {D9B37546-B0EC-413A-8BCA-D3FD4DE9357F}
		{4018F395-D916-49FD-AA27-EA87A778BF80} = {D9B37546-B0EC-413A-8BCA-D3FD4DE9357F}
		{A186C155-78BD-4E7F-A51A-B636FB2CAF8C} = {D9B37546-B0EC-413A-8BCA-D3FD4DE9357F}
		{C18CB03C-9DEA-4AAF-9230-91E952C9EE22} = {D9B37546-B0EC-413A-8BCA-D3FD4DE9357F}
	EndGlobalSection
	GlobalSection(ExtensibilityGlobals) = postSolution
		SolutionGuid = {23C42FFA-44EA-4464-AC3C-9C2E16D752ED}
	EndGlobalSection
EndGlobal
