
Microsoft Visual Studio Solution File, Format Version 12.00
# Visual Studio Version 16
VisualStudioVersion = 16.0.30804.86
MinimumVisualStudioVersion = 15.0.26124.0
Project("{2150E333-8FDC-42A3-9474-1A3956D46DE8}") = "src", "src", "{D9B37546-B0EC-413A-8BCA-D3FD4DE9357F}"
EndProject
Project("{9A19103F-16F7-4668-BE54-9A1E7A4F7556}") = "AspNetCore.API.Web", "src\AspNetCore.API.Web\AspNetCore.API.Web.csproj", "{4FA9CF72-EFB8-4B75-8B69-045EC89EBEE3}"
EndProject
Project("{2150E333-8FDC-42A3-9474-1A3956D46DE8}") = "_config", "_config", "{9EF96067-B5E7-42D0-BFE2-008137425B87}"
	ProjectSection(SolutionItems) = preProject
		.dockerignore = .dockerignore
		.gitignore = .gitignore
	EndProjectSection
EndProject
Project("{2150E333-8FDC-42A3-9474-1A3956D46DE8}") = "build", "build", "{C8C136E7-BED0-4CC3-A9C0-89FFA56DAD9A}"
EndProject
Project("{9A19103F-16F7-4668-BE54-9A1E7A4F7556}") = "_build", "build\_build.csproj", "{1322D11A-C86C-4665-A328-6F6DA3D19372}"
EndProject
Project("{2150E333-8FDC-42A3-9474-1A3956D46DE8}") = "tests", "tests", "{00C46FFB-EE5C-4653-BD52-E38EA6067B29}"
EndProject
Project("{9A19103F-16F7-4668-BE54-9A1E7A4F7556}") = "AspNetCore.API.Tests.Unit", "tests\AspNetCore.API.Tests.Unit\AspNetCore.API.Tests.Unit.csproj", "{D657C1E5-86CE-4D8C-A208-9292F523B275}"
EndProject
Project("{9A19103F-16F7-4668-BE54-9A1E7A4F7556}") = "AspNetCore.API.Tests.Integration", "tests\AspNetCore.API.Tests.Integration\AspNetCore.API.Tests.Integration.csproj", "{60432246-3D94-43F7-A73E-E93BE322A85E}"
EndProject
Project("{2150E333-8FDC-42A3-9474-1A3956D46DE8}") = "docs", "docs", "{1DFF58A7-01AA-4CDE-9F22-F540E5B27D2D}"
	ProjectSection(SolutionItems) = preProject
		docs\index.md = docs\index.md
	EndProjectSection
EndProject
Global
	GlobalSection(SolutionConfigurationPlatforms) = preSolution
		Debug|Any CPU = Debug|Any CPU
		Debug|x64 = Debug|x64
		Debug|x86 = Debug|x86
		Release|Any CPU = Release|Any CPU
		Release|x64 = Release|x64
		Release|x86 = Release|x86
	EndGlobalSection
	GlobalSection(ProjectConfigurationPlatforms) = postSolution
		{4FA9CF72-EFB8-4B75-8B69-045EC89EBEE3}.Debug|Any CPU.ActiveCfg = Debug|Any CPU
		{4FA9CF72-EFB8-4B75-8B69-045EC89EBEE3}.Debug|Any CPU.Build.0 = Debug|Any CPU
		{4FA9CF72-EFB8-4B75-8B69-045EC89EBEE3}.Debug|x64.ActiveCfg = Debug|Any CPU
		{4FA9CF72-EFB8-4B75-8B69-045EC89EBEE3}.Debug|x64.Build.0 = Debug|Any CPU
		{4FA9CF72-EFB8-4B75-8B69-045EC89EBEE3}.Debug|x86.ActiveCfg = Debug|Any CPU
		{4FA9CF72-EFB8-4B75-8B69-045EC89EBEE3}.Debug|x86.Build.0 = Debug|Any CPU
		{4FA9CF72-EFB8-4B75-8B69-045EC89EBEE3}.Release|Any CPU.ActiveCfg = Release|Any CPU
		{4FA9CF72-EFB8-4B75-8B69-045EC89EBEE3}.Release|Any CPU.Build.0 = Release|Any CPU
		{4FA9CF72-EFB8-4B75-8B69-045EC89EBEE3}.Release|x64.ActiveCfg = Release|Any CPU
		{4FA9CF72-EFB8-4B75-8B69-045EC89EBEE3}.Release|x64.Build.0 = Release|Any CPU
		{4FA9CF72-EFB8-4B75-8B69-045EC89EBEE3}.Release|x86.ActiveCfg = Release|Any CPU
		{4FA9CF72-EFB8-4B75-8B69-045EC89EBEE3}.Release|x86.Build.0 = Release|Any CPU
		{1322D11A-C86C-4665-A328-6F6DA3D19372}.Debug|Any CPU.ActiveCfg = Debug|Any CPU
		{1322D11A-C86C-4665-A328-6F6DA3D19372}.Debug|Any CPU.Build.0 = Debug|Any CPU
		{1322D11A-C86C-4665-A328-6F6DA3D19372}.Debug|x64.ActiveCfg = Debug|Any CPU
		{1322D11A-C86C-4665-A328-6F6DA3D19372}.Debug|x64.Build.0 = Debug|Any CPU
		{1322D11A-C86C-4665-A328-6F6DA3D19372}.Debug|x86.ActiveCfg = Debug|Any CPU
		{1322D11A-C86C-4665-A328-6F6DA3D19372}.Debug|x86.Build.0 = Debug|Any CPU
		{1322D11A-C86C-4665-A328-6F6DA3D19372}.Release|Any CPU.ActiveCfg = Release|Any CPU
		{1322D11A-C86C-4665-A328-6F6DA3D19372}.Release|Any CPU.Build.0 = Release|Any CPU
		{1322D11A-C86C-4665-A328-6F6DA3D19372}.Release|x64.ActiveCfg = Release|Any CPU
		{1322D11A-C86C-4665-A328-6F6DA3D19372}.Release|x64.Build.0 = Release|Any CPU
		{1322D11A-C86C-4665-A328-6F6DA3D19372}.Release|x86.ActiveCfg = Release|Any CPU
		{1322D11A-C86C-4665-A328-6F6DA3D19372}.Release|x86.Build.0 = Release|Any CPU
		{D657C1E5-86CE-4D8C-A208-9292F523B275}.Debug|Any CPU.ActiveCfg = Debug|Any CPU
		{D657C1E5-86CE-4D8C-A208-9292F523B275}.Debug|Any CPU.Build.0 = Debug|Any CPU
		{D657C1E5-86CE-4D8C-A208-9292F523B275}.Debug|x64.ActiveCfg = Debug|Any CPU
		{D657C1E5-86CE-4D8C-A208-9292F523B275}.Debug|x64.Build.0 = Debug|Any CPU
		{D657C1E5-86CE-4D8C-A208-9292F523B275}.Debug|x86.ActiveCfg = Debug|Any CPU
		{D657C1E5-86CE-4D8C-A208-9292F523B275}.Debug|x86.Build.0 = Debug|Any CPU
		{D657C1E5-86CE-4D8C-A208-9292F523B275}.Release|Any CPU.ActiveCfg = Release|Any CPU
		{D657C1E5-86CE-4D8C-A208-9292F523B275}.Release|Any CPU.Build.0 = Release|Any CPU
		{D657C1E5-86CE-4D8C-A208-9292F523B275}.Release|x64.ActiveCfg = Release|Any CPU
		{D657C1E5-86CE-4D8C-A208-9292F523B275}.Release|x64.Build.0 = Release|Any CPU
		{D657C1E5-86CE-4D8C-A208-9292F523B275}.Release|x86.ActiveCfg = Release|Any CPU
		{D657C1E5-86CE-4D8C-A208-9292F523B275}.Release|x86.Build.0 = Release|Any CPU
		{60432246-3D94-43F7-A73E-E93BE322A85E}.Debug|Any CPU.ActiveCfg = Debug|Any CPU
		{60432246-3D94-43F7-A73E-E93BE322A85E}.Debug|Any CPU.Build.0 = Debug|Any CPU
		{60432246-3D94-43F7-A73E-E93BE322A85E}.Debug|x64.ActiveCfg = Debug|Any CPU
		{60432246-3D94-43F7-A73E-E93BE322A85E}.Debug|x64.Build.0 = Debug|Any CPU
		{60432246-3D94-43F7-A73E-E93BE322A85E}.Debug|x86.ActiveCfg = Debug|Any CPU
		{60432246-3D94-43F7-A73E-E93BE322A85E}.Debug|x86.Build.0 = Debug|Any CPU
		{60432246-3D94-43F7-A73E-E93BE322A85E}.Release|Any CPU.ActiveCfg = Release|Any CPU
		{60432246-3D94-43F7-A73E-E93BE322A85E}.Release|Any CPU.Build.0 = Release|Any CPU
		{60432246-3D94-43F7-A73E-E93BE322A85E}.Release|x64.ActiveCfg = Release|Any CPU
		{60432246-3D94-43F7-A73E-E93BE322A85E}.Release|x64.Build.0 = Release|Any CPU
		{60432246-3D94-43F7-A73E-E93BE322A85E}.Release|x86.ActiveCfg = Release|Any CPU
		{60432246-3D94-43F7-A73E-E93BE322A85E}.Release|x86.Build.0 = Release|Any CPU
	EndGlobalSection
	GlobalSection(SolutionProperties) = preSolution
		HideSolutionNode = FALSE
	EndGlobalSection
	GlobalSection(NestedProjects) = preSolution
		{4FA9CF72-EFB8-4B75-8B69-045EC89EBEE3} = {D9B37546-B0EC-413A-8BCA-D3FD4DE9357F}
		{1322D11A-C86C-4665-A328-6F6DA3D19372} = {C8C136E7-BED0-4CC3-A9C0-89FFA56DAD9A}
		{D657C1E5-86CE-4D8C-A208-9292F523B275} = {00C46FFB-EE5C-4653-BD52-E38EA6067B29}
		{60432246-3D94-43F7-A73E-E93BE322A85E} = {00C46FFB-EE5C-4653-BD52-E38EA6067B29}
	EndGlobalSection
	GlobalSection(ExtensibilityGlobals) = postSolution
		SolutionGuid = {23C42FFA-44EA-4464-AC3C-9C2E16D752ED}
	EndGlobalSection
EndGlobal
